# This file is automatically @generated by Cargo.
# It is not intended for manual editing.
version = 3

[[package]]
name = "course-1"
version = "0.1.0"

[[package]]
name = "course-30"
version = "0.1.0"

[[package]]
name = "ibc-protocol"
version = "0.1.0"

[[package]]
name = "releran-rust"
version = "0.1.0"
